Microsoft Visual Studio Solution File, Format Version 12.00
# Visual Studio Version 17
VisualStudioVersion = 17.0.31903.59
MinimumVisualStudioVersion = 10.0.40219.1
Project("{2150E333-8FDC-42A3-9474-1A3956D46DE8}") = "src", "src", "{E4DE4BA4-6C82-45CA-97A4-FEA1DB070001}"
EndProject
Project("{FAE04EC0-301F-11D3-BF4B-00C04F79EFBC}") = "QuietCapture.Core", "src\QuietCapture.Core\QuietCapture.Core.csproj", "{E4DE4BA4-6C82-45CA-97A4-FEA1DB070101}"
EndProject
Project("{FAE04EC0-301F-11D3-BF4B-00C04F79EFBC}") = "QuietCapture.Infrastructure.Windows", "src\QuietCapture.Infrastructure.Windows\QuietCapture.Infrastructure.Windows.csproj", "{E4DE4BA4-6C82-45CA-97A4-FEA1DB070102}"
EndProject
Project("{FAE04EC0-301F-11D3-BF4B-00C04F79EFBC}") = "QuietCapture.UI.Wpf", "src\QuietCapture.UI.Wpf\QuietCapture.UI.Wpf.csproj", "{E4DE4BA4-6C82-45CA-97A4-FEA1DB070103}"
EndProject
Project("{FAE04EC0-301F-11D3-BF4B-00C04F79EFBC}") = "QuietCapture.App", "src\QuietCapture.App\QuietCapture.App.csproj", "{E4DE4BA4-6C82-45CA-97A4-FEA1DB070104}"
EndProject
Project("{2150E333-8FDC-42A3-9474-1A3956D46DE8}") = "tests", "tests", "{E4DE4BA4-6C82-45CA-97A4-FEA1DB070002}"
EndProject
Project("{FAE04EC0-301F-11D3-BF4B-00C04F79EFBC}") = "QuietCapture.Core.Tests", "tests\QuietCapture.Core.Tests\QuietCapture.Core.Tests.csproj", "{E4DE4BA4-6C82-45CA-97A4-FEA1DB070201}"
EndProject
Project("{FAE04EC0-301F-11D3-BF4B-00C04F79EFBC}") = "QuietCapture.IntegrationTests.Windows", "tests\QuietCapture.IntegrationTests.Windows\QuietCapture.IntegrationTests.Windows.csproj", "{E4DE4BA4-6C82-45CA-97A4-FEA1DB070202}"
EndProject
Project("{2150E333-8FDC-42A3-9474-1A3956D46DE8}") = "spikes", "spikes", "{E4DE4BA4-6C82-45CA-97A4-FEA1DB070003}"
EndProject
Project("{FAE04EC0-301F-11D3-BF4B-00C04F79EFBC}") = "QuietCapture.ScreenRecorderLibSpike", "spikes\QuietCapture.ScreenRecorderLibSpike\QuietCapture.ScreenRecorderLibSpike.csproj", "{E4DE4BA4-6C82-45CA-97A4-FEA1DB070301}"
EndProject
Global
    GlobalSection(SolutionConfigurationPlatforms) = preSolution
        Debug|x64 = Debug|x64
        Release|x64 = Release|x64
    EndGlobalSection
    GlobalSection(ProjectConfigurationPlatforms) = postSolution
        {E4DE4BA4-6C82-45CA-97A4-FEA1DB070101}.Debug|x64.ActiveCfg = Debug|x64
        {E4DE4BA4-6C82-45CA-97A4-FEA1DB070101}.Debug|x64.Build.0 = Debug|x64
        {E4DE4BA4-6C82-45CA-97A4-FEA1DB070101}.Release|x64.ActiveCfg = Release|x64
        {E4DE4BA4-6C82-45CA-97A4-FEA1DB070101}.Release|x64.Build.0 = Release|x64
        {E4DE4BA4-6C82-45CA-97A4-FEA1DB070102}.Debug|x64.ActiveCfg = Debug|x64
        {E4DE4BA4-6C82-45CA-97A4-FEA1DB070102}.Debug|x64.Build.0 = Debug|x64
        {E4DE4BA4-6C82-45CA-97A4-FEA1DB070102}.Release|x64.ActiveCfg = Release|x64
        {E4DE4BA4-6C82-45CA-97A4-FEA1DB070102}.Release|x64.Build.0 = Release|x64
        {E4DE4BA4-6C82-45CA-97A4-FEA1DB070103}.Debug|x64.ActiveCfg = Debug|x64
        {E4DE4BA4-6C82-45CA-97A4-FEA1DB070103}.Debug|x64.Build.0 = Debug|x64
        {E4DE4BA4-6C82-45CA-97A4-FEA1DB070103}.Release|x64.ActiveCfg = Release|x64
        {E4DE4BA4-6C82-45CA-97A4-FEA1DB070103}.Release|x64.Build.0 = Release|x64
        {E4DE4BA4-6C82-45CA-97A4-FEA1DB070104}.Debug|x64.ActiveCfg = Debug|x64
        {E4DE4BA4-6C82-45CA-97A4-FEA1DB070104}.Debug|x64.Build.0 = Debug|x64
        {E4DE4BA4-6C82-45CA-97A4-FEA1DB070104}.Release|x64.ActiveCfg = Release|x64
        {E4DE4BA4-6C82-45CA-97A4-FEA1DB070104}.Release|x64.Build.0 = Release|x64
        {E4DE4BA4-6C82-45CA-97A4-FEA1DB070201}.Debug|x64.ActiveCfg = Debug|x64
        {E4DE4BA4-6C82-45CA-97A4-FEA1DB070201}.Debug|x64.Build.0 = Debug|x64
        {E4DE4BA4-6C82-45CA-97A4-FEA1DB070201}.Release|x64.ActiveCfg = Release|x64
        {E4DE4BA4-6C82-45CA-97A4-FEA1DB070201}.Release|x64.Build.0 = Release|x64
        {E4DE4BA4-6C82-45CA-97A4-FEA1DB070202}.Debug|x64.ActiveCfg = Debug|x64
        {E4DE4BA4-6C82-45CA-97A4-FEA1DB070202}.Debug|x64.Build.0 = Debug|x64
        {E4DE4BA4-6C82-45CA-97A4-FEA1DB070202}.Release|x64.ActiveCfg = Release|x64
        {E4DE4BA4-6C82-45CA-97A4-FEA1DB070202}.Release|x64.Build.0 = Release|x64
        {E4DE4BA4-6C82-45CA-97A4-FEA1DB070301}.Debug|x64.ActiveCfg = Debug|x64
        {E4DE4BA4-6C82-45CA-97A4-FEA1DB070301}.Debug|x64.Build.0 = Debug|x64
        {E4DE4BA4-6C82-45CA-97A4-FEA1DB070301}.Release|x64.ActiveCfg = Release|x64
        {E4DE4BA4-6C82-45CA-97A4-FEA1DB070301}.Release|x64.Build.0 = Release|x64
    EndGlobalSection
    GlobalSection(SolutionProperties) = preSolution
        HideSolutionNode = FALSE
    EndGlobalSection
    GlobalSection(NestedProjects) = preSolution
        {E4DE4BA4-6C82-45CA-97A4-FEA1DB070101} = {E4DE4BA4-6C82-45CA-97A4-FEA1DB070001}
        {E4DE4BA4-6C82-45CA-97A4-FEA1DB070102} = {E4DE4BA4-6C82-45CA-97A4-FEA1DB070001}
        {E4DE4BA4-6C82-45CA-97A4-FEA1DB070103} = {E4DE4BA4-6C82-45CA-97A4-FEA1DB070001}
        {E4DE4BA4-6C82-45CA-97A4-FEA1DB070104} = {E4DE4BA4-6C82-45CA-97A4-FEA1DB070001}
        {E4DE4BA4-6C82-45CA-97A4-FEA1DB070201} = {E4DE4BA4-6C82-45CA-97A4-FEA1DB070002}
        {E4DE4BA4-6C82-45CA-97A4-FEA1DB070202} = {E4DE4BA4-6C82-45CA-97A4-FEA1DB070002}
        {E4DE4BA4-6C82-45CA-97A4-FEA1DB070301} = {E4DE4BA4-6C82-45CA-97A4-FEA1DB070003}
    EndGlobalSection
EndGlobal
